<?xml version="1.0" encoding="utf-8"?>
<Project ToolsVersion="4.0" xmlns="http://schemas.microsoft.com/developer/msbuild/2003">
  <ItemGroup>
    <Filter Include="Source Files">
      <UniqueIdentifier>{4FC737F1-C7A5-4376-A066-2A32D752A2FF}</UniqueIdentifier>
      <Extensions>cpp;c;cc;cxx;c++;cppm;ixx;def;odl;idl;hpj;bat;asm;asmx</Extensions>
    </Filter>
    <Filter Include="Header Files">
      <UniqueIdentifier>{93995380-89BD-4b04-88EB-625FBE52EBFB}</UniqueIdentifier>
      <Extensions>h;hh;hpp;hxx;h++;hm;inl;inc;ipp;xsd</Extensions>
    </Filter>
    <Filter Include="Resource Files">
      <UniqueIdentifier>{67DA6AB6-F800-4c08-8B7A-83BB121AAD01}</UniqueIdentifier>
      <Extensions>rc;ico;cur;bmp;dlg;rc2;rct;bin;rgs;gif;jpg;jpeg;jpe;resx;tiff;tif;png;wav;mfcribbon-ms</Extensions>
    </Filter>
    <Filter Include="Assets">
      <UniqueIdentifier>{5f2f496f-8d2c-4970-9752-091012a422b0}</UniqueIdentifier>
    </Filter>
    <Filter Include="Assets\Glyphs">
      <UniqueIdentifier>{174a903a-0bc1-418c-9e87-cf7b63726f89}</UniqueIdentifier>
    </Filter>
  </ItemGroup>
  <ItemGroup>
    <None Include="packages.config" />
  </ItemGroup>
  <ItemGroup>
    <Image Include="assets\glyphs\glyphs_8x8.png">
      <Filter>Assets\Glyphs</Filter>
    </Image>
    <Image Include="assets\glyphs\glyphs_12x12.png">
      <Filter>Assets\Glyphs</Filter>
    </Image>
    <Image Include="Assets\Glyphs\marching-shamrocks_12x12.png">
      <Filter>Assets\Glyphs</Filter>
    </Image>
  </ItemGroup>
  <ItemGroup>
    <ClCompile Include="src\actor.cpp">
      <Filter>Source Files</Filter>
    </ClCompile>
    <ClCompile Include="src\cell.cpp">
      <Filter>Source Files</Filter>
    </ClCompile>
    <ClCompile Include="src\coord.cpp">
      <Filter>Source Files</Filter>
    </ClCompile>
    <ClCompile Include="src\engine.cpp">
      <Filter>Source Files</Filter>
    </ClCompile>
    <ClCompile Include="src\glyph.cpp">
      <Filter>Source Files</Filter>
    </ClCompile>
    <ClCompile Include="src\glyph_set.cpp">
      <Filter>Source Files</Filter>
    </ClCompile>
    <ClCompile Include="src\grid.cpp">
      <Filter>Source Files</Filter>
    </ClCompile>
    <ClCompile Include="src\map.cpp">
      <Filter>Source Files</Filter>
    </ClCompile>
    <ClCompile Include="src\mt_engine.cpp">
      <Filter>Source Files</Filter>
    </ClCompile>
    <ClCompile Include="src\point.cpp">
      <Filter>Source Files</Filter>
    </ClCompile>
    <ClCompile Include="src\program.cpp">
      <Filter>Source Files</Filter>
    </ClCompile>
    <ClCompile Include="src\program_old.cpp">
      <Filter>Source Files</Filter>
    </ClCompile>
    <ClCompile Include="src\rect.cpp">
      <Filter>Source Files</Filter>
    </ClCompile>
    <ClCompile Include="src\transform.cpp">
      <Filter>Source Files</Filter>
    </ClCompile>
    <ClCompile Include="src\utility.cpp">
      <Filter>Source Files</Filter>
    </ClCompile>
    <ClCompile Include="src\zone.cpp">
      <Filter>Source Files</Filter>
    </ClCompile>
  </ItemGroup>
  <ItemGroup>
    <ClInclude Include="include\actor.hpp">
      <Filter>Header Files</Filter>
    </ClInclude>
    <ClInclude Include="include\cell.hpp">
      <Filter>Header Files</Filter>
    </ClInclude>
    <ClInclude Include="include\constants.hpp">
      <Filter>Header Files</Filter>
    </ClInclude>
    <ClInclude Include="include\coord.hpp">
      <Filter>Header Files</Filter>
    </ClInclude>
    <ClInclude Include="include\engine.hpp">
      <Filter>Header Files</Filter>
    </ClInclude>
    <ClInclude Include="include\glyph.hpp">
      <Filter>Header Files</Filter>
    </ClInclude>
    <ClInclude Include="include\glyph_set.hpp">
      <Filter>Header Files</Filter>
    </ClInclude>
    <ClInclude Include="include\grid.hpp">
      <Filter>Header Files</Filter>
    </ClInclude>
    <ClInclude Include="include\map.hpp">
      <Filter>Header Files</Filter>
    </ClInclude>
    <ClInclude Include="include\mt_engine.hpp">
      <Filter>Header Files</Filter>
    </ClInclude>
    <ClInclude Include="include\point.hpp">
      <Filter>Header Files</Filter>
    </ClInclude>
    <ClInclude Include="include\rect.hpp">
      <Filter>Header Files</Filter>
    </ClInclude>
    <ClInclude Include="include\transform.hpp">
      <Filter>Header Files</Filter>
    </ClInclude>
    <ClInclude Include="include\utility.hpp">
      <Filter>Header Files</Filter>
    </ClInclude>
    <ClInclude Include="include\zone.hpp">
      <Filter>Header Files</Filter>
    </ClInclude>
  </ItemGroup>
</Project>